Microsoft Visual Studio Solution File, Format Version 11.00
# Visual Studio 2008

Project("{7F205978-82BE-EC3E-5B56-092991DCB4E9}") = "seniorproject", "Assembly-CSharp-firstpass-vs.csproj", "{FEB98FFA-7635-52E9-8DC2-813926B81DE1}"
EndProject
Project("{7F205978-82BE-EC3E-5B56-092991DCB4E9}") = "seniorproject", "Assembly-CSharp-vs.csproj", "{021643B7-2319-8860-9D19-501E67774A29}"
EndProject
Project("{7F205978-82BE-EC3E-5B56-092991DCB4E9}") = "seniorproject", "Assembly-CSharp-Editor-vs.csproj", "{1744C257-308C-0037-AF9C-09AF2CBC03C1}"
EndProject
Global
	GlobalSection(SolutionConfigurationPlatforms) = preSolution
		Debug|Any CPU = Debug|Any CPU
		Release|Any CPU = Release|Any CPU
	EndGlobalSection
	GlobalSection(ProjectConfigurationPlatforms) = postSolution
		{FEB98FFA-7635-52E9-8DC2-813926B81DE1}.Debug|Any CPU.ActiveCfg = Debug|Any CPU
		{FEB98FFA-7635-52E9-8DC2-813926B81DE1}.Debug|Any CPU.Build.0 = Debug|Any CPU
		{FEB98FFA-7635-52E9-8DC2-813926B81DE1}.Release|Any CPU.ActiveCfg = Release|Any CPU
		{FEB98FFA-7635-52E9-8DC2-813926B81DE1}.Release|Any CPU.Build.0 = Release|Any CPU
		{021643B7-2319-8860-9D19-501E67774A29}.Debug|Any CPU.ActiveCfg = Debug|Any CPU
		{021643B7-2319-8860-9D19-501E67774A29}.Debug|Any CPU.Build.0 = Debug|Any CPU
		{021643B7-2319-8860-9D19-501E67774A29}.Release|Any CPU.ActiveCfg = Release|Any CPU
		{021643B7-2319-8860-9D19-501E67774A29}.Release|Any CPU.Build.0 = Release|Any CPU
		{1744C257-308C-0037-AF9C-09AF2CBC03C1}.Debug|Any CPU.ActiveCfg = Debug|Any CPU
		{1744C257-308C-0037-AF9C-09AF2CBC03C1}.Debug|Any CPU.Build.0 = Debug|Any CPU
		{1744C257-308C-0037-AF9C-09AF2CBC03C1}.Release|Any CPU.ActiveCfg = Release|Any CPU
		{1744C257-308C-0037-AF9C-09AF2CBC03C1}.Release|Any CPU.Build.0 = Release|Any CPU
	EndGlobalSection
	GlobalSection(SolutionProperties) = preSolution
		HideSolutionNode = FALSE
	EndGlobalSection
		GlobalSection(MonoDevelopProperties) = preSolution
		StartupItem = Assembly-CSharp.csproj
		Policies = $0
		$0.TextStylePolicy = $1
		$1.inheritsSet = null
		$1.scope = text/x-csharp
		$0.CSharpFormattingPolicy = $2
		$2.inheritsSet = Mono
		$2.inheritsScope = text/x-csharp
		$2.scope = text/x-csharp
		$0.TextStylePolicy = $3
		$3.FileWidth = 120
		$3.TabWidth = 4
		$3.EolMarker = Unix
		$3.inheritsSet = Mono
		$3.inheritsScope = text/plain
		$3.scope = text/plain
	EndGlobalSection

EndGlobal
